
Microsoft Visual Studio Solution File, Format Version 12.00
# Visual Studio Version 16
VisualStudioVersion = 16.0.30523.141
MinimumVisualStudioVersion = 10.0.40219.1
Project("{FAE04EC0-301F-11D3-BF4B-00C04F79EFBC}") = "apppaint", "apppaint\apppaint.csproj", "{D0BAEFBA-8D61-4F83-8886-EAD9F31AAFCA}"
EndProject
Global
	GlobalSection(SolutionConfigurationPlatforms) = preSolution
		Debug|Any CPU = Debug|Any CPU
		Release|Any CPU = Release|Any CPU
	EndGlobalSection
	GlobalSection(ProjectConfigurationPlatforms) = postSolution
		{D0BAEFBA-8D61-4F83-8886-EAD9F31AAFCA}.Debug|Any CPU.ActiveCfg = Debug|Any CPU
		{D0BAEFBA-8D61-4F83-8886-EAD9F31AAFCA}.Debug|Any CPU.Build.0 = Debug|Any CPU
		{D0BAEFBA-8D61-4F83-8886-EAD9F31AAFCA}.Release|Any CPU.ActiveCfg = Release|Any CPU
		{D0BAEFBA-8D61-4F83-8886-EAD9F31AAFCA}.Release|Any CPU.Build.0 = Release|Any CPU
	EndGlobalSection
	GlobalSection(SolutionProperties) = preSolution
		HideSolutionNode = FALSE
	EndGlobalSection
	GlobalSection(ExtensibilityGlobals) = postSolution
		SolutionGuid = {F146C8C7-E18B-46B1-A26D-AE6FCA1FDD47}
	EndGlobalSection
EndGlobal
